
Microsoft Visual Studio Solution File, Format Version 12.00
Project("{FAE04EC0-301F-11D3-BF4B-00C04F79EFBC}") = "day5", "day5\day5.csproj", "{CEF54280-2788-4064-B6D6-DE1E0488358F}"
EndProject
Global
	GlobalSection(SolutionConfigurationPlatforms) = preSolution
		Debug|Any CPU = Debug|Any CPU
		Release|Any CPU = Release|Any CPU
	EndGlobalSection
	GlobalSection(ProjectConfigurationPlatforms) = postSolution
		{CEF54280-2788-4064-B6D6-DE1E0488358F}.Debug|Any CPU.ActiveCfg = Debug|Any CPU
		{CEF54280-2788-4064-B6D6-DE1E0488358F}.Debug|Any CPU.Build.0 = Debug|Any CPU
		{CEF54280-2788-4064-B6D6-DE1E0488358F}.Release|Any CPU.ActiveCfg = Release|Any CPU
		{CEF54280-2788-4064-B6D6-DE1E0488358F}.Release|Any CPU.Build.0 = Release|Any CPU
	EndGlobalSection
EndGlobal
