
Microsoft Visual Studio Solution File, Format Version 12.00
Project("{FAE04EC0-301F-11D3-BF4B-00C04F79EFBC}") = "day2", "day2\day2.csproj", "{BABEF2C0-AB50-44AD-8D83-CC780D0E5D09}"
EndProject
Global
	GlobalSection(SolutionConfigurationPlatforms) = preSolution
		Debug|Any CPU = Debug|Any CPU
		Release|Any CPU = Release|Any CPU
	EndGlobalSection
	GlobalSection(ProjectConfigurationPlatforms) = postSolution
		{BABEF2C0-AB50-44AD-8D83-CC780D0E5D09}.Debug|Any CPU.ActiveCfg = Debug|Any CPU
		{BABEF2C0-AB50-44AD-8D83-CC780D0E5D09}.Debug|Any CPU.Build.0 = Debug|Any CPU
		{BABEF2C0-AB50-44AD-8D83-CC780D0E5D09}.Release|Any CPU.ActiveCfg = Release|Any CPU
		{BABEF2C0-AB50-44AD-8D83-CC780D0E5D09}.Release|Any CPU.Build.0 = Release|Any CPU
	EndGlobalSection
EndGlobal
